// !$*UTF8*$!
{
	archiveVersion = 1;
	classes = {
	};
	objectVersion = 56;
	objects = {

/* Begin PBXBuildFile section */
		6E99E1A02BEC2642000A0704 /* TestDriveApp.swift in Sources */ = {isa = PBXBuildFile; fileRef = 6E99E19F2BEC2642000A0704 /* TestDriveApp.swift */; };
		6E99E1A22BEC2642000A0704 /* ContentView.swift in Sources */ = {isa = PBXBuildFile; fileRef = 6E99E1A12BEC2642000A0704 /* ContentView.swift */; };
		6E99E1A72BEC2643000A0704 /* Preview Assets.xcassets in Resources */ = {isa = PBXBuildFile; fileRef = 6E99E1A62BEC2643000A0704 /* Preview Assets.xcassets */; };
		6E99E1B12BEC2643000A0704 /* TestDriveTests.swift in Sources */ = {isa = PBXBuildFile; fileRef = 6E99E1B02BEC2643000A0704 /* TestDriveTests.swift */; };
		6E99E1BB2BEC2643000A0704 /* TestDriveUITests.swift in Sources */ = {isa = PBXBuildFile; fileRef = 6E99E1BA2BEC2643000A0704 /* TestDriveUITests.swift */; };
		6E99E1BD2BEC2643000A0704 /* TestDriveUITestsLaunchTests.swift in Sources */ = {isa = PBXBuildFile; fileRef = 6E99E1BC2BEC2643000A0704 /* TestDriveUITestsLaunchTests.swift */; };
		6ED514A52BED502700F3F662 /* NavigationBar.swift in Sources */ = {isa = PBXBuildFile; fileRef = 6ED514A42BED502700F3F662 /* NavigationBar.swift */; };
		6ED514A82BED5C5B00F3F662 /* OrderTypeGridView.swift in Sources */ = {isa = PBXBuildFile; fileRef = 6ED514A72BED5C5B00F3F662 /* OrderTypeGridView.swift */; };
		6ED514AB2BED614600F3F662 /* OrderType.swift in Sources */ = {isa = PBXBuildFile; fileRef = 6ED514AA2BED614600F3F662 /* OrderType.swift */; };
		6ED514AD2BED61D500F3F662 /* DataSourceMock.swift in Sources */ = {isa = PBXBuildFile; fileRef = 6ED514AC2BED61D500F3F662 /* DataSourceMock.swift */; };
		6ED514B02BED649400F3F662 /* OrderTypeView.swift in Sources */ = {isa = PBXBuildFile; fileRef = 6ED514AF2BED649400F3F662 /* OrderTypeView.swift */; };
		6ED514B42BED707500F3F662 /* CarouselItemView.swift in Sources */ = {isa = PBXBuildFile; fileRef = 6ED514B32BED707500F3F662 /* CarouselItemView.swift */; };
		6ED514B62BED733300F3F662 /* CarouselTabView.swift in Sources */ = {isa = PBXBuildFile; fileRef = 6ED514B52BED733300F3F662 /* CarouselTabView.swift */; };
		6ED514B82BED77B900F3F662 /* CarouselItemTest.swift in Sources */ = {isa = PBXBuildFile; fileRef = 6ED514B72BED77B900F3F662 /* CarouselItemTest.swift */; };
		6ED514BB2BED807A00F3F662 /* StoresItemView.swift in Sources */ = {isa = PBXBuildFile; fileRef = 6ED514BA2BED807A00F3F662 /* StoresItemView.swift */; };
		6ED514BD2BED9D7300F3F662 /* StoresContainerView.swift in Sources */ = {isa = PBXBuildFile; fileRef = 6ED514BC2BED9D7300F3F662 /* StoresContainerView.swift */; };
		6ED514BF2BEE881400F3F662 /* Assets.xcassets in Resources */ = {isa = PBXBuildFile; fileRef = 6E99E1A32BEC2643000A0704 /* Assets.xcassets */; };
		6ED514C12BEE975800F3F662 /* StoresDetailView.swift in Sources */ = {isa = PBXBuildFile; fileRef = 6ED514C02BEE975800F3F662 /* StoresDetailView.swift */; };
		6ED514C32BEEA0F200F3F662 /* StoreType.swift in Sources */ = {isa = PBXBuildFile; fileRef = 6ED514C22BEEA0F200F3F662 /* StoreType.swift */; };
		6ED514C52BEEA22700F3F662 /* ProductType.swift in Sources */ = {isa = PBXBuildFile; fileRef = 6ED514C42BEEA22700F3F662 /* ProductType.swift */; };
		6ED514C82BEEADC300F3F662 /* Double+.swift in Sources */ = {isa = PBXBuildFile; fileRef = 6ED514C72BEEADC300F3F662 /* Double+.swift */; };
		6ED514CB2BEEB76500F3F662 /* ProductDetailView.swift in Sources */ = {isa = PBXBuildFile; fileRef = 6ED514CA2BEEB76500F3F662 /* ProductDetailView.swift */; };
		6ED514CE2BF1B6B200F3F662 /* StoresDetailHeaderView.swift in Sources */ = {isa = PBXBuildFile; fileRef = 6ED514CD2BF1B6B200F3F662 /* StoresDetailHeaderView.swift */; };
		6ED514D02BF1B81A00F3F662 /* StoresDetailProductView.swift in Sources */ = {isa = PBXBuildFile; fileRef = 6ED514CF2BF1B81A00F3F662 /* StoresDetailProductView.swift */; };
		6ED514D22BF1BAAD00F3F662 /* StoresDetailProductItemView.swift in Sources */ = {isa = PBXBuildFile; fileRef = 6ED514D12BF1BAAD00F3F662 /* StoresDetailProductItemView.swift */; };
		6ED514D42BF1BCF500F3F662 /* ProductDetailHeaderView.swift in Sources */ = {isa = PBXBuildFile; fileRef = 6ED514D32BF1BCF500F3F662 /* ProductDetailHeaderView.swift */; };
		6ED514D62BF7E07700F3F662 /* ProductDetailQuantityView.swift in Sources */ = {isa = PBXBuildFile; fileRef = 6ED514D52BF7E07700F3F662 /* ProductDetailQuantityView.swift */; };
/* End PBXBuildFile section */

/* Begin PBXContainerItemProxy section */
		6E99E1AD2BEC2643000A0704 /* PBXContainerItemProxy */ = {
			isa = PBXContainerItemProxy;
			containerPortal = 6E99E1942BEC2642000A0704 /* Project object */;
			proxyType = 1;
			remoteGlobalIDString = 6E99E19B2BEC2642000A0704;
			remoteInfo = TestDrive;
		};
		6E99E1B72BEC2643000A0704 /* PBXContainerItemProxy */ = {
			isa = PBXContainerItemProxy;
			containerPortal = 6E99E1942BEC2642000A0704 /* Project object */;
			proxyType = 1;
			remoteGlobalIDString = 6E99E19B2BEC2642000A0704;
			remoteInfo = TestDrive;
		};
/* End PBXContainerItemProxy section */

/* Begin PBXFileReference section */
		6E99E19C2BEC2642000A0704 /* TestDrive.app */ = {isa = PBXFileReference; explicitFileType = wrapper.application; includeInIndex = 0; path = TestDrive.app; sourceTree = BUILT_PRODUCTS_DIR; };
		6E99E19F2BEC2642000A0704 /* TestDriveApp.swift */ = {isa = PBXFileReference; lastKnownFileType = sourcecode.swift; path = TestDriveApp.swift; sourceTree = "<group>"; };
		6E99E1A12BEC2642000A0704 /* ContentView.swift */ = {isa = PBXFileReference; lastKnownFileType = sourcecode.swift; path = ContentView.swift; sourceTree = "<group>"; };
		6E99E1A32BEC2643000A0704 /* Assets.xcassets */ = {isa = PBXFileReference; lastKnownFileType = folder.assetcatalog; path = Assets.xcassets; sourceTree = "<group>"; };
		6E99E1A62BEC2643000A0704 /* Preview Assets.xcassets */ = {isa = PBXFileReference; lastKnownFileType = folder.assetcatalog; path = "Preview Assets.xcassets"; sourceTree = "<group>"; };
		6E99E1AC2BEC2643000A0704 /* TestDriveTests.xctest */ = {isa = PBXFileReference; explicitFileType = wrapper.cfbundle; includeInIndex = 0; path = TestDriveTests.xctest; sourceTree = BUILT_PRODUCTS_DIR; };
		6E99E1B02BEC2643000A0704 /* TestDriveTests.swift */ = {isa = PBXFileReference; lastKnownFileType = sourcecode.swift; path = TestDriveTests.swift; sourceTree = "<group>"; };
		6E99E1B62BEC2643000A0704 /* TestDriveUITests.xctest */ = {isa = PBXFileReference; explicitFileType = wrapper.cfbundle; includeInIndex = 0; path = TestDriveUITests.xctest; sourceTree = BUILT_PRODUCTS_DIR; };
		6E99E1BA2BEC2643000A0704 /* TestDriveUITests.swift */ = {isa = PBXFileReference; lastKnownFileType = sourcecode.swift; path = TestDriveUITests.swift; sourceTree = "<group>"; };
		6E99E1BC2BEC2643000A0704 /* TestDriveUITestsLaunchTests.swift */ = {isa = PBXFileReference; lastKnownFileType = sourcecode.swift; path = TestDriveUITestsLaunchTests.swift; sourceTree = "<group>"; };
		6ED514A42BED502700F3F662 /* NavigationBar.swift */ = {isa = PBXFileReference; lastKnownFileType = sourcecode.swift; path = NavigationBar.swift; sourceTree = "<group>"; };
		6ED514A72BED5C5B00F3F662 /* OrderTypeGridView.swift */ = {isa = PBXFileReference; lastKnownFileType = sourcecode.swift; path = OrderTypeGridView.swift; sourceTree = "<group>"; };
		6ED514AA2BED614600F3F662 /* OrderType.swift */ = {isa = PBXFileReference; lastKnownFileType = sourcecode.swift; path = OrderType.swift; sourceTree = "<group>"; };
		6ED514AC2BED61D500F3F662 /* DataSourceMock.swift */ = {isa = PBXFileReference; lastKnownFileType = sourcecode.swift; path = DataSourceMock.swift; sourceTree = "<group>"; };
		6ED514AF2BED649400F3F662 /* OrderTypeView.swift */ = {isa = PBXFileReference; lastKnownFileType = sourcecode.swift; path = OrderTypeView.swift; sourceTree = "<group>"; };
		6ED514B32BED707500F3F662 /* CarouselItemView.swift */ = {isa = PBXFileReference; lastKnownFileType = sourcecode.swift; path = CarouselItemView.swift; sourceTree = "<group>"; };
		6ED514B52BED733300F3F662 /* CarouselTabView.swift */ = {isa = PBXFileReference; lastKnownFileType = sourcecode.swift; path = CarouselTabView.swift; sourceTree = "<group>"; };
		6ED514B72BED77B900F3F662 /* CarouselItemTest.swift */ = {isa = PBXFileReference; lastKnownFileType = sourcecode.swift; path = CarouselItemTest.swift; sourceTree = "<group>"; };
		6ED514BA2BED807A00F3F662 /* StoresItemView.swift */ = {isa = PBXFileReference; lastKnownFileType = sourcecode.swift; path = StoresItemView.swift; sourceTree = "<group>"; };
		6ED514BC2BED9D7300F3F662 /* StoresContainerView.swift */ = {isa = PBXFileReference; lastKnownFileType = sourcecode.swift; path = StoresContainerView.swift; sourceTree = "<group>"; };
		6ED514C02BEE975800F3F662 /* StoresDetailView.swift */ = {isa = PBXFileReference; lastKnownFileType = sourcecode.swift; path = StoresDetailView.swift; sourceTree = "<group>"; };
		6ED514C22BEEA0F200F3F662 /* StoreType.swift */ = {isa = PBXFileReference; lastKnownFileType = sourcecode.swift; path = StoreType.swift; sourceTree = "<group>"; };
		6ED514C42BEEA22700F3F662 /* ProductType.swift */ = {isa = PBXFileReference; lastKnownFileType = sourcecode.swift; path = ProductType.swift; sourceTree = "<group>"; };
		6ED514C72BEEADC300F3F662 /* Double+.swift */ = {isa = PBXFileReference; lastKnownFileType = sourcecode.swift; path = "Double+.swift"; sourceTree = "<group>"; };
		6ED514CA2BEEB76500F3F662 /* ProductDetailView.swift */ = {isa = PBXFileReference; lastKnownFileType = sourcecode.swift; path = ProductDetailView.swift; sourceTree = "<group>"; };
		6ED514CD2BF1B6B200F3F662 /* StoresDetailHeaderView.swift */ = {isa = PBXFileReference; lastKnownFileType = sourcecode.swift; path = StoresDetailHeaderView.swift; sourceTree = "<group>"; };
		6ED514CF2BF1B81A00F3F662 /* StoresDetailProductView.swift */ = {isa = PBXFileReference; lastKnownFileType = sourcecode.swift; path = StoresDetailProductView.swift; sourceTree = "<group>"; };
		6ED514D12BF1BAAD00F3F662 /* StoresDetailProductItemView.swift */ = {isa = PBXFileReference; lastKnownFileType = sourcecode.swift; path = StoresDetailProductItemView.swift; sourceTree = "<group>"; };
		6ED514D32BF1BCF500F3F662 /* ProductDetailHeaderView.swift */ = {isa = PBXFileReference; lastKnownFileType = sourcecode.swift; path = ProductDetailHeaderView.swift; sourceTree = "<group>"; };
		6ED514D52BF7E07700F3F662 /* ProductDetailQuantityView.swift */ = {isa = PBXFileReference; lastKnownFileType = sourcecode.swift; path = ProductDetailQuantityView.swift; sourceTree = "<group>"; };
		6ED514D92BF7EFDD00F3F662 /* README.md */ = {isa = PBXFileReference; lastKnownFileType = net.daringfireball.markdown; path = README.md; sourceTree = "<group>"; };
		6ED514DD2BF7F37D00F3F662 /* demo.gif */ = {isa = PBXFileReference; lastKnownFileType = image.gif; path = demo.gif; sourceTree = "<group>"; };
/* End PBXFileReference section */

/* Begin PBXFrameworksBuildPhase section */
		6E99E1992BEC2642000A0704 /* Frameworks */ = {
			isa = PBXFrameworksBuildPhase;
			buildActionMask = 2147483647;
			files = (
			);
			runOnlyForDeploymentPostprocessing = 0;
		};
		6E99E1A92BEC2643000A0704 /* Frameworks */ = {
			isa = PBXFrameworksBuildPhase;
			buildActionMask = 2147483647;
			files = (
			);
			runOnlyForDeploymentPostprocessing = 0;
		};
		6E99E1B32BEC2643000A0704 /* Frameworks */ = {
			isa = PBXFrameworksBuildPhase;
			buildActionMask = 2147483647;
			files = (
			);
			runOnlyForDeploymentPostprocessing = 0;
		};
/* End PBXFrameworksBuildPhase section */

/* Begin PBXGroup section */
		6E99E1932BEC2642000A0704 = {
			isa = PBXGroup;
			children = (
				6ED514D92BF7EFDD00F3F662 /* README.md */,
				6ED514DD2BF7F37D00F3F662 /* demo.gif */,
				6E99E19E2BEC2642000A0704 /* TestDrive */,
				6E99E1AF2BEC2643000A0704 /* TestDriveTests */,
				6E99E1B92BEC2643000A0704 /* TestDriveUITests */,
				6E99E19D2BEC2642000A0704 /* Products */,
			);
			sourceTree = "<group>";
		};
		6E99E19D2BEC2642000A0704 /* Products */ = {
			isa = PBXGroup;
			children = (
				6E99E19C2BEC2642000A0704 /* TestDrive.app */,
				6E99E1AC2BEC2643000A0704 /* TestDriveTests.xctest */,
				6E99E1B62BEC2643000A0704 /* TestDriveUITests.xctest */,
			);
			name = Products;
			sourceTree = "<group>";
		};
		6E99E19E2BEC2642000A0704 /* TestDrive */ = {
			isa = PBXGroup;
			children = (
				6ED514A32BED4FB600F3F662 /* App */,
				6ED514B22BED6FF400F3F662 /* CarouselView */,
				6ED514C62BEEAD9700F3F662 /* Extension */,
				6ED514A62BED5C2700F3F662 /* GridView */,
				6ED514A92BED610A00F3F662 /* Model */,
				6ED514A22BED4FAA00F3F662 /* NavigationBar */,
				6ED514C92BEEB71000F3F662 /* ProductView */,
				6ED514B92BED805500F3F662 /* StoresView */,
				6E99E1A32BEC2643000A0704 /* Assets.xcassets */,
				6E99E1A52BEC2643000A0704 /* Preview Content */,
			);
			path = TestDrive;
			sourceTree = "<group>";
		};
		6E99E1A52BEC2643000A0704 /* Preview Content */ = {
			isa = PBXGroup;
			children = (
				6E99E1A62BEC2643000A0704 /* Preview Assets.xcassets */,
			);
			path = "Preview Content";
			sourceTree = "<group>";
		};
		6E99E1AF2BEC2643000A0704 /* TestDriveTests */ = {
			isa = PBXGroup;
			children = (
				6E99E1B02BEC2643000A0704 /* TestDriveTests.swift */,
			);
			path = TestDriveTests;
			sourceTree = "<group>";
		};
		6E99E1B92BEC2643000A0704 /* TestDriveUITests */ = {
			isa = PBXGroup;
			children = (
				6E99E1BA2BEC2643000A0704 /* TestDriveUITests.swift */,
				6E99E1BC2BEC2643000A0704 /* TestDriveUITestsLaunchTests.swift */,
			);
			path = TestDriveUITests;
			sourceTree = "<group>";
		};
		6ED514A22BED4FAA00F3F662 /* NavigationBar */ = {
			isa = PBXGroup;
			children = (
				6ED514A42BED502700F3F662 /* NavigationBar.swift */,
			);
			path = NavigationBar;
			sourceTree = "<group>";
		};
		6ED514A32BED4FB600F3F662 /* App */ = {
			isa = PBXGroup;
			children = (
				6E99E19F2BEC2642000A0704 /* TestDriveApp.swift */,
				6E99E1A12BEC2642000A0704 /* ContentView.swift */,
			);
			path = App;
			sourceTree = "<group>";
		};
		6ED514A62BED5C2700F3F662 /* GridView */ = {
			isa = PBXGroup;
			children = (
				6ED514A72BED5C5B00F3F662 /* OrderTypeGridView.swift */,
				6ED514AF2BED649400F3F662 /* OrderTypeView.swift */,
			);
			path = GridView;
			sourceTree = "<group>";
		};
		6ED514A92BED610A00F3F662 /* Model */ = {
			isa = PBXGroup;
			children = (
				6ED514AA2BED614600F3F662 /* OrderType.swift */,
				6ED514C22BEEA0F200F3F662 /* StoreType.swift */,
				6ED514C42BEEA22700F3F662 /* ProductType.swift */,
				6ED514AC2BED61D500F3F662 /* DataSourceMock.swift */,
			);
			path = Model;
			sourceTree = "<group>";
		};
		6ED514B22BED6FF400F3F662 /* CarouselView */ = {
			isa = PBXGroup;
			children = (
				6ED514B32BED707500F3F662 /* CarouselItemView.swift */,
				6ED514B52BED733300F3F662 /* CarouselTabView.swift */,
				6ED514B72BED77B900F3F662 /* CarouselItemTest.swift */,
			);
			path = CarouselView;
			sourceTree = "<group>";
		};
		6ED514B92BED805500F3F662 /* StoresView */ = {
			isa = PBXGroup;
			children = (
				6ED514CC2BF1B67B00F3F662 /* StoresDetailView */,
				6ED514BA2BED807A00F3F662 /* StoresItemView.swift */,
				6ED514BC2BED9D7300F3F662 /* StoresContainerView.swift */,
			);
			path = StoresView;
			sourceTree = "<group>";
		};
		6ED514C62BEEAD9700F3F662 /* Extension */ = {
			isa = PBXGroup;
			children = (
				6ED514C72BEEADC300F3F662 /* Double+.swift */,
			);
			path = Extension;
			sourceTree = "<group>";
		};
		6ED514C92BEEB71000F3F662 /* ProductView */ = {
			isa = PBXGroup;
			children = (
				6ED514CA2BEEB76500F3F662 /* ProductDetailView.swift */,
				6ED514D32BF1BCF500F3F662 /* ProductDetailHeaderView.swift */,
				6ED514D52BF7E07700F3F662 /* ProductDetailQuantityView.swift */,
			);
			path = ProductView;
			sourceTree = "<group>";
		};
		6ED514CC2BF1B67B00F3F662 /* StoresDetailView */ = {
			isa = PBXGroup;
			children = (
				6ED514C02BEE975800F3F662 /* StoresDetailView.swift */,
				6ED514CD2BF1B6B200F3F662 /* StoresDetailHeaderView.swift */,
				6ED514CF2BF1B81A00F3F662 /* StoresDetailProductView.swift */,
				6ED514D12BF1BAAD00F3F662 /* StoresDetailProductItemView.swift */,
			);
			path = StoresDetailView;
			sourceTree = "<group>";
		};
/* End PBXGroup section */

/* Begin PBXNativeTarget section */
		6E99E19B2BEC2642000A0704 /* TestDrive */ = {
			isa = PBXNativeTarget;
			buildConfigurationList = 6E99E1C02BEC2643000A0704 /* Build configuration list for PBXNativeTarget "TestDrive" */;
			buildPhases = (
				6E99E1982BEC2642000A0704 /* Sources */,
				6E99E1992BEC2642000A0704 /* Frameworks */,
				6E99E19A2BEC2642000A0704 /* Resources */,
			);
			buildRules = (
			);
			dependencies = (
			);
			name = TestDrive;
			productName = TestDrive;
			productReference = 6E99E19C2BEC2642000A0704 /* TestDrive.app */;
			productType = "com.apple.product-type.application";
		};
		6E99E1AB2BEC2643000A0704 /* TestDriveTests */ = {
			isa = PBXNativeTarget;
			buildConfigurationList = 6E99E1C32BEC2643000A0704 /* Build configuration list for PBXNativeTarget "TestDriveTests" */;
			buildPhases = (
				6E99E1A82BEC2643000A0704 /* Sources */,
				6E99E1A92BEC2643000A0704 /* Frameworks */,
				6E99E1AA2BEC2643000A0704 /* Resources */,
			);
			buildRules = (
			);
			dependencies = (
				6E99E1AE2BEC2643000A0704 /* PBXTargetDependency */,
			);
			name = TestDriveTests;
			productName = TestDriveTests;
			productReference = 6E99E1AC2BEC2643000A0704 /* TestDriveTests.xctest */;
			productType = "com.apple.product-type.bundle.unit-test";
		};
		6E99E1B52BEC2643000A0704 /* TestDriveUITests */ = {
			isa = PBXNativeTarget;
			buildConfigurationList = 6E99E1C62BEC2643000A0704 /* Build configuration list for PBXNativeTarget "TestDriveUITests" */;
			buildPhases = (
				6E99E1B22BEC2643000A0704 /* Sources */,
				6E99E1B32BEC2643000A0704 /* Frameworks */,
				6E99E1B42BEC2643000A0704 /* Resources */,
			);
			buildRules = (
			);
			dependencies = (
				6E99E1B82BEC2643000A0704 /* PBXTargetDependency */,
			);
			name = TestDriveUITests;
			productName = TestDriveUITests;
			productReference = 6E99E1B62BEC2643000A0704 /* TestDriveUITests.xctest */;
			productType = "com.apple.product-type.bundle.ui-testing";
		};
/* End PBXNativeTarget section */

/* Begin PBXProject section */
		6E99E1942BEC2642000A0704 /* Project object */ = {
			isa = PBXProject;
			attributes = {
				BuildIndependentTargetsInParallel = 1;
				LastSwiftUpdateCheck = 1530;
				LastUpgradeCheck = 1530;
				TargetAttributes = {
					6E99E19B2BEC2642000A0704 = {
						CreatedOnToolsVersion = 15.3;
					};
					6E99E1AB2BEC2643000A0704 = {
						CreatedOnToolsVersion = 15.3;
						TestTargetID = 6E99E19B2BEC2642000A0704;
					};
					6E99E1B52BEC2643000A0704 = {
						CreatedOnToolsVersion = 15.3;
						TestTargetID = 6E99E19B2BEC2642000A0704;
					};
				};
			};
			buildConfigurationList = 6E99E1972BEC2642000A0704 /* Build configuration list for PBXProject "TestDrive" */;
			compatibilityVersion = "Xcode 14.0";
			developmentRegion = en;
			hasScannedForEncodings = 0;
			knownRegions = (
				en,
				Base,
			);
			mainGroup = 6E99E1932BEC2642000A0704;
			productRefGroup = 6E99E19D2BEC2642000A0704 /* Products */;
			projectDirPath = "";
			projectRoot = "";
			targets = (
				6E99E19B2BEC2642000A0704 /* TestDrive */,
				6E99E1AB2BEC2643000A0704 /* TestDriveTests */,
				6E99E1B52BEC2643000A0704 /* TestDriveUITests */,
			);
		};
/* End PBXProject section */

/* Begin PBXResourcesBuildPhase section */
		6E99E19A2BEC2642000A0704 /* Resources */ = {
			isa = PBXResourcesBuildPhase;
			buildActionMask = 2147483647;
			files = (
				6ED514BF2BEE881400F3F662 /* Assets.xcassets in Resources */,
				6E99E1A72BEC2643000A0704 /* Preview Assets.xcassets in Resources */,
			);
			runOnlyForDeploymentPostprocessing = 0;
		};
		6E99E1AA2BEC2643000A0704 /* Resources */ = {
			isa = PBXResourcesBuildPhase;
			buildActionMask = 2147483647;
			files = (
			);
			runOnlyForDeploymentPostprocessing = 0;
		};
		6E99E1B42BEC2643000A0704 /* Resources */ = {
			isa = PBXResourcesBuildPhase;
			buildActionMask = 2147483647;
			files = (
			);
			runOnlyForDeploymentPostprocessing = 0;
		};
/* End PBXResourcesBuildPhase section */

/* Begin PBXSourcesBuildPhase section */
		6E99E1982BEC2642000A0704 /* Sources */ = {
			isa = PBXSourcesBuildPhase;
			buildActionMask = 2147483647;
			files = (
				6ED514B82BED77B900F3F662 /* CarouselItemTest.swift in Sources */,
				6ED514AB2BED614600F3F662 /* OrderType.swift in Sources */,
				6ED514BD2BED9D7300F3F662 /* StoresContainerView.swift in Sources */,
				6ED514CB2BEEB76500F3F662 /* ProductDetailView.swift in Sources */,
				6ED514B42BED707500F3F662 /* CarouselItemView.swift in Sources */,
				6ED514BB2BED807A00F3F662 /* StoresItemView.swift in Sources */,
				6ED514D42BF1BCF500F3F662 /* ProductDetailHeaderView.swift in Sources */,
				6ED514C52BEEA22700F3F662 /* ProductType.swift in Sources */,
				6E99E1A22BEC2642000A0704 /* ContentView.swift in Sources */,
				6ED514AD2BED61D500F3F662 /* DataSourceMock.swift in Sources */,
				6ED514B02BED649400F3F662 /* OrderTypeView.swift in Sources */,
				6ED514A82BED5C5B00F3F662 /* OrderTypeGridView.swift in Sources */,
				6ED514D02BF1B81A00F3F662 /* StoresDetailProductView.swift in Sources */,
				6E99E1A02BEC2642000A0704 /* TestDriveApp.swift in Sources */,
				6ED514A52BED502700F3F662 /* NavigationBar.swift in Sources */,
				6ED514D22BF1BAAD00F3F662 /* StoresDetailProductItemView.swift in Sources */,
				6ED514C32BEEA0F200F3F662 /* StoreType.swift in Sources */,
				6ED514B62BED733300F3F662 /* CarouselTabView.swift in Sources */,
				6ED514D62BF7E07700F3F662 /* ProductDetailQuantityView.swift in Sources */,
				6ED514C82BEEADC300F3F662 /* Double+.swift in Sources */,
				6ED514CE2BF1B6B200F3F662 /* StoresDetailHeaderView.swift in Sources */,
				6ED514C12BEE975800F3F662 /* StoresDetailView.swift in Sources */,
			);
			runOnlyForDeploymentPostprocessing = 0;
		};
		6E99E1A82BEC2643000A0704 /* Sources */ = {
			isa = PBXSourcesBuildPhase;
			buildActionMask = 2147483647;
			files = (
				6E99E1B12BEC2643000A0704 /* TestDriveTests.swift in Sources */,
			);
			runOnlyForDeploymentPostprocessing = 0;
		};
		6E99E1B22BEC2643000A0704 /* Sources */ = {
			isa = PBXSourcesBuildPhase;
			buildActionMask = 2147483647;
			files = (
				6E99E1BB2BEC2643000A0704 /* TestDriveUITests.swift in Sources */,
				6E99E1BD2BEC2643000A0704 /* TestDriveUITestsLaunchTests.swift in Sources */,
			);
			runOnlyForDeploymentPostprocessing = 0;
		};
/* End PBXSourcesBuildPhase section */

/* Begin PBXTargetDependency section */
		6E99E1AE2BEC2643000A0704 /* PBXTargetDependency */ = {
			isa = PBXTargetDependency;
			target = 6E99E19B2BEC2642000A0704 /* TestDrive */;
			targetProxy = 6E99E1AD2BEC2643000A0704 /* PBXContainerItemProxy */;
		};
		6E99E1B82BEC2643000A0704 /* PBXTargetDependency */ = {
			isa = PBXTargetDependency;
			target = 6E99E19B2BEC2642000A0704 /* TestDrive */;
			targetProxy = 6E99E1B72BEC2643000A0704 /* PBXContainerItemProxy */;
		};
/* End PBXTargetDependency section */

/* Begin XCBuildConfiguration section */
		6E99E1BE2BEC2643000A0704 /* Debug */ = {
			isa = XCBuildConfiguration;
			buildSettings = {
				ALWAYS_SEARCH_USER_PATHS = NO;
				ASSETCATALOG_COMPILER_GENERATE_SWIFT_ASSET_SYMBOL_EXTENSIONS = YES;
				CLANG_ANALYZER_NONNULL = YES;
				CLANG_ANALYZER_NUMBER_OBJECT_CONVERSION = YES_AGGRESSIVE;
				CLANG_CXX_LANGUAGE_STANDARD = "gnu++20";
				CLANG_ENABLE_MODULES = YES;
				CLANG_ENABLE_OBJC_ARC = YES;
				CLANG_ENABLE_OBJC_WEAK = YES;
				CLANG_WARN_BLOCK_CAPTURE_AUTORELEASING = YES;
				CLANG_WARN_BOOL_CONVERSION = YES;
				CLANG_WARN_COMMA = YES;
				CLANG_WARN_CONSTANT_CONVERSION = YES;
				CLANG_WARN_DEPRECATED_OBJC_IMPLEMENTATIONS = YES;
				CLANG_WARN_DIRECT_OBJC_ISA_USAGE = YES_ERROR;
				CLANG_WARN_DOCUMENTATION_COMMENTS = YES;
				CLANG_WARN_EMPTY_BODY = YES;
				CLANG_WARN_ENUM_CONVERSION = YES;
				CLANG_WARN_INFINITE_RECURSION = YES;
				CLANG_WARN_INT_CONVERSION = YES;
				CLANG_WARN_NON_LITERAL_NULL_CONVERSION = YES;
				CLANG_WARN_OBJC_IMPLICIT_RETAIN_SELF = YES;
				CLANG_WARN_OBJC_LITERAL_CONVERSION = YES;
				CLANG_WARN_OBJC_ROOT_CLASS = YES_ERROR;
				CLANG_WARN_QUOTED_INCLUDE_IN_FRAMEWORK_HEADER = YES;
				CLANG_WARN_RANGE_LOOP_ANALYSIS = YES;
				CLANG_WARN_STRICT_PROTOTYPES = YES;
				CLANG_WARN_SUSPICIOUS_MOVE = YES;
				CLANG_WARN_UNGUARDED_AVAILABILITY = YES_AGGRESSIVE;
				CLANG_WARN_UNREACHABLE_CODE = YES;
				CLANG_WARN__DUPLICATE_METHOD_MATCH = YES;
				COPY_PHASE_STRIP = NO;
				DEBUG_INFORMATION_FORMAT = dwarf;
				ENABLE_STRICT_OBJC_MSGSEND = YES;
				ENABLE_TESTABILITY = YES;
				ENABLE_USER_SCRIPT_SANDBOXING = YES;
				GCC_C_LANGUAGE_STANDARD = gnu17;
				GCC_DYNAMIC_NO_PIC = NO;
				GCC_NO_COMMON_BLOCKS = YES;
				GCC_OPTIMIZATION_LEVEL = 0;
				GCC_PREPROCESSOR_DEFINITIONS = (
					"DEBUG=1",
					"$(inherited)",
				);
				GCC_WARN_64_TO_32_BIT_CONVERSION = YES;
				GCC_WARN_ABOUT_RETURN_TYPE = YES_ERROR;
				GCC_WARN_UNDECLARED_SELECTOR = YES;
				GCC_WARN_UNINITIALIZED_AUTOS = YES_AGGRESSIVE;
				GCC_WARN_UNUSED_FUNCTION = YES;
				GCC_WARN_UNUSED_VARIABLE = YES;
				IPHONEOS_DEPLOYMENT_TARGET = 17.4;
				LOCALIZATION_PREFERS_STRING_CATALOGS = YES;
				MTL_ENABLE_DEBUG_INFO = INCLUDE_SOURCE;
				MTL_FAST_MATH = YES;
				ONLY_ACTIVE_ARCH = YES;
				SDKROOT = iphoneos;
				SWIFT_ACTIVE_COMPILATION_CONDITIONS = "DEBUG $(inherited)";
				SWIFT_OPTIMIZATION_LEVEL = "-Onone";
			};
			name = Debug;
		};
		6E99E1BF2BEC2643000A0704 /* Release */ = {
			isa = XCBuildConfiguration;
			buildSettings = {
				ALWAYS_SEARCH_USER_PATHS = NO;
				ASSETCATALOG_COMPILER_GENERATE_SWIFT_ASSET_SYMBOL_EXTENSIONS = YES;
				CLANG_ANALYZER_NONNULL = YES;
				CLANG_ANALYZER_NUMBER_OBJECT_CONVERSION = YES_AGGRESSIVE;
				CLANG_CXX_LANGUAGE_STANDARD = "gnu++20";
				CLANG_ENABLE_MODULES = YES;
				CLANG_ENABLE_OBJC_ARC = YES;
				CLANG_ENABLE_OBJC_WEAK = YES;
				CLANG_WARN_BLOCK_CAPTURE_AUTORELEASING = YES;
				CLANG_WARN_BOOL_CONVERSION = YES;
				CLANG_WARN_COMMA = YES;
				CLANG_WARN_CONSTANT_CONVERSION = YES;
				CLANG_WARN_DEPRECATED_OBJC_IMPLEMENTATIONS = YES;
				CLANG_WARN_DIRECT_OBJC_ISA_USAGE = YES_ERROR;
				CLANG_WARN_DOCUMENTATION_COMMENTS = YES;
				CLANG_WARN_EMPTY_BODY = YES;
				CLANG_WARN_ENUM_CONVERSION = YES;
				CLANG_WARN_INFINITE_RECURSION = YES;
				CLANG_WARN_INT_CONVERSION = YES;
				CLANG_WARN_NON_LITERAL_NULL_CONVERSION = YES;
				CLANG_WARN_OBJC_IMPLICIT_RETAIN_SELF = YES;
				CLANG_WARN_OBJC_LITERAL_CONVERSION = YES;
				CLANG_WARN_OBJC_ROOT_CLASS = YES_ERROR;
				CLANG_WARN_QUOTED_INCLUDE_IN_FRAMEWORK_HEADER = YES;
				CLANG_WARN_RANGE_LOOP_ANALYSIS = YES;
				CLANG_WARN_STRICT_PROTOTYPES = YES;
				CLANG_WARN_SUSPICIOUS_MOVE = YES;
				CLANG_WARN_UNGUARDED_AVAILABILITY = YES_AGGRESSIVE;
				CLANG_WARN_UNREACHABLE_CODE = YES;
				CLANG_WARN__DUPLICATE_METHOD_MATCH = YES;
				COPY_PHASE_STRIP = NO;
				DEBUG_INFORMATION_FORMAT = "dwarf-with-dsym";
				ENABLE_NS_ASSERTIONS = NO;
				ENABLE_STRICT_OBJC_MSGSEND = YES;
				ENABLE_USER_SCRIPT_SANDBOXING = YES;
				GCC_C_LANGUAGE_STANDARD = gnu17;
				GCC_NO_COMMON_BLOCKS = YES;
				GCC_WARN_64_TO_32_BIT_CONVERSION = YES;
				GCC_WARN_ABOUT_RETURN_TYPE = YES_ERROR;
				GCC_WARN_UNDECLARED_SELECTOR = YES;
				GCC_WARN_UNINITIALIZED_AUTOS = YES_AGGRESSIVE;
				GCC_WARN_UNUSED_FUNCTION = YES;
				GCC_WARN_UNUSED_VARIABLE = YES;
				IPHONEOS_DEPLOYMENT_TARGET = 17.4;
				LOCALIZATION_PREFERS_STRING_CATALOGS = YES;
				MTL_ENABLE_DEBUG_INFO = NO;
				MTL_FAST_MATH = YES;
				SDKROOT = iphoneos;
				SWIFT_COMPILATION_MODE = wholemodule;
				VALIDATE_PRODUCT = YES;
			};
			name = Release;
		};
		6E99E1C12BEC2643000A0704 /* Debug */ = {
			isa = XCBuildConfiguration;
			buildSettings = {
				ASSETCATALOG_COMPILER_APPICON_NAME = AppIcon;
				ASSETCATALOG_COMPILER_GLOBAL_ACCENT_COLOR_NAME = AccentColor;
				CODE_SIGN_STYLE = Automatic;
				CURRENT_PROJECT_VERSION = 1;
				DEVELOPMENT_ASSET_PATHS = "\"TestDrive/Preview Content\"";
				ENABLE_PREVIEWS = YES;
				GENERATE_INFOPLIST_FILE = YES;
				INFOPLIST_KEY_UIApplicationSceneManifest_Generation = YES;
				INFOPLIST_KEY_UIApplicationSupportsIndirectInputEvents = YES;
				INFOPLIST_KEY_UILaunchScreen_Generation = YES;
				INFOPLIST_KEY_UISupportedInterfaceOrientations_iPad = "UIInterfaceOrientationPortrait UIInterfaceOrientationPortraitUpsideDown UIInterfaceOrientationLandscapeLeft UIInterfaceOrientationLandscapeRight";
				INFOPLIST_KEY_UISupportedInterfaceOrientations_iPhone = "UIInterfaceOrientationPortrait UIInterfaceOrientationLandscapeLeft UIInterfaceOrientationLandscapeRight";
				LD_RUNPATH_SEARCH_PATHS = (
					"$(inherited)",
					"@executable_path/Frameworks",
				);
				MARKETING_VERSION = 1.0;
				PRODUCT_BUNDLE_IDENTIFIER = br.com.self.TestDrive;
				PRODUCT_NAME = "$(TARGET_NAME)";
				SWIFT_EMIT_LOC_STRINGS = YES;
				SWIFT_VERSION = 5.0;
				TARGETED_DEVICE_FAMILY = "1,2";
			};
			name = Debug;
		};
		6E99E1C22BEC2643000A0704 /* Release */ = {
			isa = XCBuildConfiguration;
			buildSettings = {
				ASSETCATALOG_COMPILER_APPICON_NAME = AppIcon;
				ASSETCATALOG_COMPILER_GLOBAL_ACCENT_COLOR_NAME = AccentColor;
				CODE_SIGN_STYLE = Automatic;
				CURRENT_PROJECT_VERSION = 1;
				DEVELOPMENT_ASSET_PATHS = "\"TestDrive/Preview Content\"";
				ENABLE_PREVIEWS = YES;
				GENERATE_INFOPLIST_FILE = YES;
				INFOPLIST_KEY_UIApplicationSceneManifest_Generation = YES;
				INFOPLIST_KEY_UIApplicationSupportsIndirectInputEvents = YES;
				INFOPLIST_KEY_UILaunchScreen_Generation = YES;
				INFOPLIST_KEY_UISupportedInterfaceOrientations_iPad = "UIInterfaceOrientationPortrait UIInterfaceOrientationPortraitUpsideDown UIInterfaceOrientationLandscapeLeft UIInterfaceOrientationLandscapeRight";
				INFOPLIST_KEY_UISupportedInterfaceOrientations_iPhone = "UIInterfaceOrientationPortrait UIInterfaceOrientationLandscapeLeft UIInterfaceOrientationLandscapeRight";
				LD_RUNPATH_SEARCH_PATHS = (
					"$(inherited)",
					"@executable_path/Frameworks",
				);
				MARKETING_VERSION = 1.0;
				PRODUCT_BUNDLE_IDENTIFIER = br.com.self.TestDrive;
				PRODUCT_NAME = "$(TARGET_NAME)";
				SWIFT_EMIT_LOC_STRINGS = YES;
				SWIFT_VERSION = 5.0;
				TARGETED_DEVICE_FAMILY = "1,2";
			};
			name = Release;
		};
		6E99E1C42BEC2643000A0704 /* Debug */ = {
			isa = XCBuildConfiguration;
			buildSettings = {
				ALWAYS_EMBED_SWIFT_STANDARD_LIBRARIES = YES;
				BUNDLE_LOADER = "$(TEST_HOST)";
				CODE_SIGN_STYLE = Automatic;
				CURRENT_PROJECT_VERSION = 1;
				GENERATE_INFOPLIST_FILE = YES;
				IPHONEOS_DEPLOYMENT_TARGET = 17.4;
				MARKETING_VERSION = 1.0;
				PRODUCT_BUNDLE_IDENTIFIER = br.com.self.TestDriveTests;
				PRODUCT_NAME = "$(TARGET_NAME)";
				SWIFT_EMIT_LOC_STRINGS = NO;
				SWIFT_VERSION = 5.0;
				TARGETED_DEVICE_FAMILY = "1,2";
				TEST_HOST = "$(BUILT_PRODUCTS_DIR)/TestDrive.app/$(BUNDLE_EXECUTABLE_FOLDER_PATH)/TestDrive";
			};
			name = Debug;
		};
		6E99E1C52BEC2643000A0704 /* Release */ = {
			isa = XCBuildConfiguration;
			buildSettings = {
				ALWAYS_EMBED_SWIFT_STANDARD_LIBRARIES = YES;
				BUNDLE_LOADER = "$(TEST_HOST)";
				CODE_SIGN_STYLE = Automatic;
				CURRENT_PROJECT_VERSION = 1;
				GENERATE_INFOPLIST_FILE = YES;
				IPHONEOS_DEPLOYMENT_TARGET = 17.4;
				MARKETING_VERSION = 1.0;
				PRODUCT_BUNDLE_IDENTIFIER = br.com.self.TestDriveTests;
				PRODUCT_NAME = "$(TARGET_NAME)";
				SWIFT_EMIT_LOC_STRINGS = NO;
				SWIFT_VERSION = 5.0;
				TARGETED_DEVICE_FAMILY = "1,2";
				TEST_HOST = "$(BUILT_PRODUCTS_DIR)/TestDrive.app/$(BUNDLE_EXECUTABLE_FOLDER_PATH)/TestDrive";
			};
			name = Release;
		};
		6E99E1C72BEC2643000A0704 /* Debug */ = {
			isa = XCBuildConfiguration;
			buildSettings = {
				ALWAYS_EMBED_SWIFT_STANDARD_LIBRARIES = YES;
				CODE_SIGN_STYLE = Automatic;
				CURRENT_PROJECT_VERSION = 1;
				GENERATE_INFOPLIST_FILE = YES;
				MARKETING_VERSION = 1.0;
				PRODUCT_BUNDLE_IDENTIFIER = br.com.self.TestDriveUITests;
				PRODUCT_NAME = "$(TARGET_NAME)";
				SWIFT_EMIT_LOC_STRINGS = NO;
				SWIFT_VERSION = 5.0;
				TARGETED_DEVICE_FAMILY = "1,2";
				TEST_TARGET_NAME = TestDrive;
			};
			name = Debug;
		};
		6E99E1C82BEC2643000A0704 /* Release */ = {
			isa = XCBuildConfiguration;
			buildSettings = {
				ALWAYS_EMBED_SWIFT_STANDARD_LIBRARIES = YES;
				CODE_SIGN_STYLE = Automatic;
				CURRENT_PROJECT_VERSION = 1;
				GENERATE_INFOPLIST_FILE = YES;
				MARKETING_VERSION = 1.0;
				PRODUCT_BUNDLE_IDENTIFIER = br.com.self.TestDriveUITests;
				PRODUCT_NAME = "$(TARGET_NAME)";
				SWIFT_EMIT_LOC_STRINGS = NO;
				SWIFT_VERSION = 5.0;
				TARGETED_DEVICE_FAMILY = "1,2";
				TEST_TARGET_NAME = TestDrive;
			};
			name = Release;
		};
/* End XCBuildConfiguration section */

/* Begin XCConfigurationList section */
		6E99E1972BEC2642000A0704 /* Build configuration list for PBXProject "TestDrive" */ = {
			isa = XCConfigurationList;
			buildConfigurations = (
				6E99E1BE2BEC2643000A0704 /* Debug */,
				6E99E1BF2BEC2643000A0704 /* Release */,
			);
			defaultConfigurationIsVisible = 0;
			defaultConfigurationName = Release;
		};
		6E99E1C02BEC2643000A0704 /* Build configuration list for PBXNativeTarget "TestDrive" */ = {
			isa = XCConfigurationList;
			buildConfigurations = (
				6E99E1C12BEC2643000A0704 /* Debug */,
				6E99E1C22BEC2643000A0704 /* Release */,
			);
			defaultConfigurationIsVisible = 0;
			defaultConfigurationName = Release;
		};
		6E99E1C32BEC2643000A0704 /* Build configuration list for PBXNativeTarget "TestDriveTests" */ = {
			isa = XCConfigurationList;
			buildConfigurations = (
				6E99E1C42BEC2643000A0704 /* Debug */,
				6E99E1C52BEC2643000A0704 /* Release */,
			);
			defaultConfigurationIsVisible = 0;
			defaultConfigurationName = Release;
		};
		6E99E1C62BEC2643000A0704 /* Build configuration list for PBXNativeTarget "TestDriveUITests" */ = {
			isa = XCConfigurationList;
			buildConfigurations = (
				6E99E1C72BEC2643000A0704 /* Debug */,
				6E99E1C82BEC2643000A0704 /* Release */,
			);
			defaultConfigurationIsVisible = 0;
			defaultConfigurationName = Release;
		};
/* End XCConfigurationList section */
	};
	rootObject = 6E99E1942BEC2642000A0704 /* Project object */;
}
